# THIS IS AN AUTOGENERATED FILE. DO NOT EDIT THIS FILE DIRECTLY.
# yarn lockfile v1


"@types/node@>=14":
  version "17.0.5"
  resolved "https://registry.yarnpkg.com/@types/node/-/node-17.0.5.tgz#57ca67ec4e57ad9e4ef5a6bab48a15387a1c83e0"
  integrity sha512-w3mrvNXLeDYV1GKTZorGJQivK6XLCoGwpnyJFbJVK/aTBQUxOCaa/GlFAAN3OTDFcb7h5tiFG+YXCO2By+riZw==

doge-json@^1.2.7:
  version "1.2.7"
  resolved "https://registry.yarnpkg.com/doge-json/-/doge-json-1.2.7.tgz#5c4a01b714ad75fdcf89b861a51dc8a99c6ce872"
  integrity sha512-B/JUEFJhx0vPM86ukrws1W+UMzmwwVJ92EecnK1SsTTr5eD4IBuZkhOdGbVt45IndmcQ8/O2PZmUROQdul9aUg==
